
Microsoft Visual Studio Solution File, Format Version 12.00
# Visual Studio 15
VisualStudioVersion = 15.0.27703.2042
MinimumVisualStudioVersion = 10.0.40219.1
Project("{FAE04EC0-301F-11D3-BF4B-00C04F79EFBC}") = "XamarinTicTacToe.Android", "XamarinTicTacToe\XamarinTicTacToe.Android\XamarinTicTacToe.Android.csproj", "{B62DBA5B-DF92-480D-B866-3F448B44AA68}"
EndProject
Project("{FAE04EC0-301F-11D3-BF4B-00C04F79EFBC}") = "XamarinTicTacToe.iOS", "XamarinTicTacToe\XamarinTicTacToe.iOS\XamarinTicTacToe.iOS.csproj", "{514178A7-7CB9-492F-B008-B905550A71B2}"
EndProject
Project("{FAE04EC0-301F-11D3-BF4B-00C04F79EFBC}") = "XamarinTicTacToe.UWP", "XamarinTicTacToe\XamarinTicTacToe.UWP\XamarinTicTacToe.UWP.csproj", "{B4259A7D-8E3C-4938-8A8D-0E837F2D4D00}"
EndProject
Project("{D954291E-2A0B-460D-934E-DC6B0785DB48}") = "XamarinTicTacToe", "XamarinTicTacToe\XamarinTicTacToe\XamarinTicTacToe.shproj", "{9E8C67DC-2B1D-482C-984F-BFEBED00F833}"
EndProject
Project("{FAE04EC0-301F-11D3-BF4B-00C04F79EFBC}") = "XamarinTicTacToe.Engine", "XamarinTicTacToe.Engine\XamarinTicTacToe.Engine.csproj", "{A87BA4BC-EE62-44FB-9FE6-0DFC5A24E29E}"
EndProject
Global
	GlobalSection(SharedMSBuildProjectFiles) = preSolution
		XamarinTicTacToe\XamarinTicTacToe\XamarinTicTacToe.projitems*{514178a7-7cb9-492f-b008-b905550a71b2}*SharedItemsImports = 4
		XamarinTicTacToe\XamarinTicTacToe\XamarinTicTacToe.projitems*{9e8c67dc-2b1d-482c-984f-bfebed00f833}*SharedItemsImports = 13
		XamarinTicTacToe\XamarinTicTacToe\XamarinTicTacToe.projitems*{b4259a7d-8e3c-4938-8a8d-0e837f2d4d00}*SharedItemsImports = 4
		XamarinTicTacToe\XamarinTicTacToe\XamarinTicTacToe.projitems*{b62dba5b-df92-480d-b866-3f448b44aa68}*SharedItemsImports = 4
	EndGlobalSection
	GlobalSection(SolutionConfigurationPlatforms) = preSolution
		Ad-Hoc|Any CPU = Ad-Hoc|Any CPU
		Ad-Hoc|ARM = Ad-Hoc|ARM
		Ad-Hoc|iPhone = Ad-Hoc|iPhone
		Ad-Hoc|iPhoneSimulator = Ad-Hoc|iPhoneSimulator
		Ad-Hoc|x64 = Ad-Hoc|x64
		Ad-Hoc|x86 = Ad-Hoc|x86
		AppStore|Any CPU = AppStore|Any CPU
		AppStore|ARM = AppStore|ARM
		AppStore|iPhone = AppStore|iPhone
		AppStore|iPhoneSimulator = AppStore|iPhoneSimulator
		AppStore|x64 = AppStore|x64
		AppStore|x86 = AppStore|x86
		Debug|Any CPU = Debug|Any CPU
		Debug|ARM = Debug|ARM
		Debug|iPhone = Debug|iPhone
		Debug|iPhoneSimulator = Debug|iPhoneSimulator
		Debug|x64 = Debug|x64
		Debug|x86 = Debug|x86
		Release|Any CPU = Release|Any CPU
		Release|ARM = Release|ARM
		Release|iPhone = Release|iPhone
		Release|iPhoneSimulator = Release|iPhoneSimulator
		Release|x64 = Release|x64
		Release|x86 = Release|x86
	EndGlobalSection
	GlobalSection(ProjectConfigurationPlatforms) = postSolution
		{B62DBA5B-DF92-480D-B866-3F448B44AA68}.Ad-Hoc|Any CPU.ActiveCfg = Release|Any CPU
		{B62DBA5B-DF92-480D-B866-3F448B44AA68}.Ad-Hoc|Any CPU.Build.0 = Release|Any CPU
		{B62DBA5B-DF92-480D-B866-3F448B44AA68}.Ad-Hoc|Any CPU.Deploy.0 = Release|Any CPU
		{B62DBA5B-DF92-480D-B866-3F448B44AA68}.Ad-Hoc|ARM.ActiveCfg = Release|Any CPU
		{B62DBA5B-DF92-480D-B866-3F448B44AA68}.Ad-Hoc|ARM.Build.0 = Release|Any CPU
		{B62DBA5B-DF92-480D-B866-3F448B44AA68}.Ad-Hoc|ARM.Deploy.0 = Release|Any CPU
		{B62DBA5B-DF92-480D-B866-3F448B44AA68}.Ad-Hoc|iPhone.ActiveCfg = Release|Any CPU
		{B62DBA5B-DF92-480D-B866-3F448B44AA68}.Ad-Hoc|iPhone.Build.0 = Release|Any CPU
		{B62DBA5B-DF92-480D-B866-3F448B44AA68}.Ad-Hoc|iPhone.Deploy.0 = Release|Any CPU
		{B62DBA5B-DF92-480D-B866-3F448B44AA68}.Ad-Hoc|iPhoneSimulator.ActiveCfg = Release|Any CPU
		{B62DBA5B-DF92-480D-B866-3F448B44AA68}.Ad-Hoc|iPhoneSimulator.Build.0 = Release|Any CPU
		{B62DBA5B-DF92-480D-B866-3F448B44AA68}.Ad-Hoc|iPhoneSimulator.Deploy.0 = Release|Any CPU
		{B62DBA5B-DF92-480D-B866-3F448B44AA68}.Ad-Hoc|x64.ActiveCfg = Release|Any CPU
		{B62DBA5B-DF92-480D-B866-3F448B44AA68}.Ad-Hoc|x64.Build.0 = Release|Any CPU
		{B62DBA5B-DF92-480D-B866-3F448B44AA68}.Ad-Hoc|x64.Deploy.0 = Release|Any CPU
		{B62DBA5B-DF92-480D-B866-3F448B44AA68}.Ad-Hoc|x86.ActiveCfg = Release|Any CPU
		{B62DBA5B-DF92-480D-B866-3F448B44AA68}.Ad-Hoc|x86.Build.0 = Release|Any CPU
		{B62DBA5B-DF92-480D-B866-3F448B44AA68}.Ad-Hoc|x86.Deploy.0 = Release|Any CPU
		{B62DBA5B-DF92-480D-B866-3F448B44AA68}.AppStore|Any CPU.ActiveCfg = Release|Any CPU
		{B62DBA5B-DF92-480D-B866-3F448B44AA68}.AppStore|Any CPU.Build.0 = Release|Any CPU
		{B62DBA5B-DF92-480D-B866-3F448B44AA68}.AppStore|Any CPU.Deploy.0 = Release|Any CPU
		{B62DBA5B-DF92-480D-B866-3F448B44AA68}.AppStore|ARM.ActiveCfg = Release|Any CPU
		{B62DBA5B-DF92-480D-B866-3F448B44AA68}.AppStore|ARM.Build.0 = Release|Any CPU
		{B62DBA5B-DF92-480D-B866-3F448B44AA68}.AppStore|ARM.Deploy.0 = Release|Any CPU
		{B62DBA5B-DF92-480D-B866-3F448B44AA68}.AppStore|iPhone.ActiveCfg = Release|Any CPU
		{B62DBA5B-DF92-480D-B866-3F448B44AA68}.AppStore|iPhone.Build.0 = Release|Any CPU
		{B62DBA5B-DF92-480D-B866-3F448B44AA68}.AppStore|iPhone.Deploy.0 = Release|Any CPU
		{B62DBA5B-DF92-480D-B866-3F448B44AA68}.AppStore|iPhoneSimulator.ActiveCfg = Release|Any CPU
		{B62DBA5B-DF92-480D-B866-3F448B44AA68}.AppStore|iPhoneSimulator.Build.0 = Release|Any CPU
		{B62DBA5B-DF92-480D-B866-3F448B44AA68}.AppStore|iPhoneSimulator.Deploy.0 = Release|Any CPU
		{B62DBA5B-DF92-480D-B866-3F448B44AA68}.AppStore|x64.ActiveCfg = Release|Any CPU
		{B62DBA5B-DF92-480D-B866-3F448B44AA68}.AppStore|x64.Build.0 = Release|Any CPU
		{B62DBA5B-DF92-480D-B866-3F448B44AA68}.AppStore|x64.Deploy.0 = Release|Any CPU
		{B62DBA5B-DF92-480D-B866-3F448B44AA68}.AppStore|x86.ActiveCfg = Release|Any CPU
		{B62DBA5B-DF92-480D-B866-3F448B44AA68}.AppStore|x86.Build.0 = Release|Any CPU
		{B62DBA5B-DF92-480D-B866-3F448B44AA68}.AppStore|x86.Deploy.0 = Release|Any CPU
		{B62DBA5B-DF92-480D-B866-3F448B44AA68}.Debug|Any CPU.ActiveCfg = Debug|Any CPU
		{B62DBA5B-DF92-480D-B866-3F448B44AA68}.Debug|Any CPU.Build.0 = Debug|Any CPU
		{B62DBA5B-DF92-480D-B866-3F448B44AA68}.Debug|Any CPU.Deploy.0 = Debug|Any CPU
		{B62DBA5B-DF92-480D-B866-3F448B44AA68}.Debug|ARM.ActiveCfg = Debug|Any CPU
		{B62DBA5B-DF92-480D-B866-3F448B44AA68}.Debug|ARM.Build.0 = Debug|Any CPU
		{B62DBA5B-DF92-480D-B866-3F448B44AA68}.Debug|ARM.Deploy.0 = Debug|Any CPU
		{B62DBA5B-DF92-480D-B866-3F448B44AA68}.Debug|iPhone.ActiveCfg = Debug|Any CPU
		{B62DBA5B-DF92-480D-B866-3F448B44AA68}.Debug|iPhone.Build.0 = Debug|Any CPU
		{B62DBA5B-DF92-480D-B866-3F448B44AA68}.Debug|iPhone.Deploy.0 = Debug|Any CPU
		{B62DBA5B-DF92-480D-B866-3F448B44AA68}.Debug|iPhoneSimulator.ActiveCfg = Debug|Any CPU
		{B62DBA5B-DF92-480D-B866-3F448B44AA68}.Debug|iPhoneSimulator.Build.0 = Debug|Any CPU
		{B62DBA5B-DF92-480D-B866-3F448B44AA68}.Debug|iPhoneSimulator.Deploy.0 = Debug|Any CPU
		{B62DBA5B-DF92-480D-B866-3F448B44AA68}.Debug|x64.ActiveCfg = Debug|Any CPU
		{B62DBA5B-DF92-480D-B866-3F448B44AA68}.Debug|x64.Build.0 = Debug|Any CPU
		{B62DBA5B-DF92-480D-B866-3F448B44AA68}.Debug|x64.Deploy.0 = Debug|Any CPU
		{B62DBA5B-DF92-480D-B866-3F448B44AA68}.Debug|x86.ActiveCfg = Debug|Any CPU
		{B62DBA5B-DF92-480D-B866-3F448B44AA68}.Debug|x86.Build.0 = Debug|Any CPU
		{B62DBA5B-DF92-480D-B866-3F448B44AA68}.Debug|x86.Deploy.0 = Debug|Any CPU
		{B62DBA5B-DF92-480D-B866-3F448B44AA68}.Release|Any CPU.ActiveCfg = Release|Any CPU
		{B62DBA5B-DF92-480D-B866-3F448B44AA68}.Release|Any CPU.Build.0 = Release|Any CPU
		{B62DBA5B-DF92-480D-B866-3F448B44AA68}.Release|Any CPU.Deploy.0 = Release|Any CPU
		{B62DBA5B-DF92-480D-B866-3F448B44AA68}.Release|ARM.ActiveCfg = Release|Any CPU
		{B62DBA5B-DF92-480D-B866-3F448B44AA68}.Release|ARM.Build.0 = Release|Any CPU
		{B62DBA5B-DF92-480D-B866-3F448B44AA68}.Release|ARM.Deploy.0 = Release|Any CPU
		{B62DBA5B-DF92-480D-B866-3F448B44AA68}.Release|iPhone.ActiveCfg = Release|Any CPU
		{B62DBA5B-DF92-480D-B866-3F448B44AA68}.Release|iPhone.Build.0 = Release|Any CPU
		{B62DBA5B-DF92-480D-B866-3F448B44AA68}.Release|iPhone.Deploy.0 = Release|Any CPU
		{B62DBA5B-DF92-480D-B866-3F448B44AA68}.Release|iPhoneSimulator.ActiveCfg = Release|Any CPU
		{B62DBA5B-DF92-480D-B866-3F448B44AA68}.Release|iPhoneSimulator.Build.0 = Release|Any CPU
		{B62DBA5B-DF92-480D-B866-3F448B44AA68}.Release|iPhoneSimulator.Deploy.0 = Release|Any CPU
		{B62DBA5B-DF92-480D-B866-3F448B44AA68}.Release|x64.ActiveCfg = Release|Any CPU
		{B62DBA5B-DF92-480D-B866-3F448B44AA68}.Release|x64.Build.0 = Release|Any CPU
		{B62DBA5B-DF92-480D-B866-3F448B44AA68}.Release|x64.Deploy.0 = Release|Any CPU
		{B62DBA5B-DF92-480D-B866-3F448B44AA68}.Release|x86.ActiveCfg = Release|Any CPU
		{B62DBA5B-DF92-480D-B866-3F448B44AA68}.Release|x86.Build.0 = Release|Any CPU
		{B62DBA5B-DF92-480D-B866-3F448B44AA68}.Release|x86.Deploy.0 = Release|Any CPU
		{514178A7-7CB9-492F-B008-B905550A71B2}.Ad-Hoc|Any CPU.ActiveCfg = Ad-Hoc|iPhone
		{514178A7-7CB9-492F-B008-B905550A71B2}.Ad-Hoc|Any CPU.Build.0 = Ad-Hoc|iPhone
		{514178A7-7CB9-492F-B008-B905550A71B2}.Ad-Hoc|Any CPU.Deploy.0 = Ad-Hoc|iPhone
		{514178A7-7CB9-492F-B008-B905550A71B2}.Ad-Hoc|ARM.ActiveCfg = Ad-Hoc|iPhone
		{514178A7-7CB9-492F-B008-B905550A71B2}.Ad-Hoc|ARM.Build.0 = Ad-Hoc|iPhone
		{514178A7-7CB9-492F-B008-B905550A71B2}.Ad-Hoc|ARM.Deploy.0 = Ad-Hoc|iPhone
		{514178A7-7CB9-492F-B008-B905550A71B2}.Ad-Hoc|iPhone.ActiveCfg = Ad-Hoc|iPhone
		{514178A7-7CB9-492F-B008-B905550A71B2}.Ad-Hoc|iPhone.Build.0 = Ad-Hoc|iPhone
		{514178A7-7CB9-492F-B008-B905550A71B2}.Ad-Hoc|iPhone.Deploy.0 = Ad-Hoc|iPhone
		{514178A7-7CB9-492F-B008-B905550A71B2}.Ad-Hoc|iPhoneSimulator.ActiveCfg = Ad-Hoc|iPhoneSimulator
		{514178A7-7CB9-492F-B008-B905550A71B2}.Ad-Hoc|iPhoneSimulator.Build.0 = Ad-Hoc|iPhoneSimulator
		{514178A7-7CB9-492F-B008-B905550A71B2}.Ad-Hoc|iPhoneSimulator.Deploy.0 = Ad-Hoc|iPhoneSimulator
		{514178A7-7CB9-492F-B008-B905550A71B2}.Ad-Hoc|x64.ActiveCfg = Ad-Hoc|iPhone
		{514178A7-7CB9-492F-B008-B905550A71B2}.Ad-Hoc|x64.Build.0 = Ad-Hoc|iPhone
		{514178A7-7CB9-492F-B008-B905550A71B2}.Ad-Hoc|x64.Deploy.0 = Ad-Hoc|iPhone
		{514178A7-7CB9-492F-B008-B905550A71B2}.Ad-Hoc|x86.ActiveCfg = Ad-Hoc|iPhone
		{514178A7-7CB9-492F-B008-B905550A71B2}.Ad-Hoc|x86.Build.0 = Ad-Hoc|iPhone
		{514178A7-7CB9-492F-B008-B905550A71B2}.Ad-Hoc|x86.Deploy.0 = Ad-Hoc|iPhone
		{514178A7-7CB9-492F-B008-B905550A71B2}.AppStore|Any CPU.ActiveCfg = AppStore|iPhone
		{514178A7-7CB9-492F-B008-B905550A71B2}.AppStore|Any CPU.Build.0 = AppStore|iPhone
		{514178A7-7CB9-492F-B008-B905550A71B2}.AppStore|Any CPU.Deploy.0 = AppStore|iPhone
		{514178A7-7CB9-492F-B008-B905550A71B2}.AppStore|ARM.ActiveCfg = AppStore|iPhone
		{514178A7-7CB9-492F-B008-B905550A71B2}.AppStore|ARM.Build.0 = AppStore|iPhone
		{514178A7-7CB9-492F-B008-B905550A71B2}.AppStore|ARM.Deploy.0 = AppStore|iPhone
		{514178A7-7CB9-492F-B008-B905550A71B2}.AppStore|iPhone.ActiveCfg = AppStore|iPhone
		{514178A7-7CB9-492F-B008-B905550A71B2}.AppStore|iPhone.Build.0 = AppStore|iPhone
		{514178A7-7CB9-492F-B008-B905550A71B2}.AppStore|iPhone.Deploy.0 = AppStore|iPhone
		{514178A7-7CB9-492F-B008-B905550A71B2}.AppStore|iPhoneSimulator.ActiveCfg = AppStore|iPhoneSimulator
		{514178A7-7CB9-492F-B008-B905550A71B2}.AppStore|iPhoneSimulator.Build.0 = AppStore|iPhoneSimulator
		{514178A7-7CB9-492F-B008-B905550A71B2}.AppStore|iPhoneSimulator.Deploy.0 = AppStore|iPhoneSimulator
		{514178A7-7CB9-492F-B008-B905550A71B2}.AppStore|x64.ActiveCfg = AppStore|iPhone
		{514178A7-7CB9-492F-B008-B905550A71B2}.AppStore|x64.Build.0 = AppStore|iPhone
		{514178A7-7CB9-492F-B008-B905550A71B2}.AppStore|x64.Deploy.0 = AppStore|iPhone
		{514178A7-7CB9-492F-B008-B905550A71B2}.AppStore|x86.ActiveCfg = AppStore|iPhone
		{514178A7-7CB9-492F-B008-B905550A71B2}.AppStore|x86.Build.0 = AppStore|iPhone
		{514178A7-7CB9-492F-B008-B905550A71B2}.AppStore|x86.Deploy.0 = AppStore|iPhone
		{514178A7-7CB9-492F-B008-B905550A71B2}.Debug|Any CPU.ActiveCfg = Debug|iPhoneSimulator
		{514178A7-7CB9-492F-B008-B905550A71B2}.Debug|Any CPU.Build.0 = Debug|iPhoneSimulator
		{514178A7-7CB9-492F-B008-B905550A71B2}.Debug|Any CPU.Deploy.0 = Debug|iPhoneSimulator
		{514178A7-7CB9-492F-B008-B905550A71B2}.Debug|ARM.ActiveCfg = Debug|iPhone
		{514178A7-7CB9-492F-B008-B905550A71B2}.Debug|ARM.Build.0 = Debug|iPhone
		{514178A7-7CB9-492F-B008-B905550A71B2}.Debug|ARM.Deploy.0 = Debug|iPhone
		{514178A7-7CB9-492F-B008-B905550A71B2}.Debug|iPhone.ActiveCfg = Debug|iPhone
		{514178A7-7CB9-492F-B008-B905550A71B2}.Debug|iPhone.Build.0 = Debug|iPhone
		{514178A7-7CB9-492F-B008-B905550A71B2}.Debug|iPhone.Deploy.0 = Debug|iPhone
		{514178A7-7CB9-492F-B008-B905550A71B2}.Debug|iPhoneSimulator.ActiveCfg = Debug|iPhoneSimulator
		{514178A7-7CB9-492F-B008-B905550A71B2}.Debug|iPhoneSimulator.Build.0 = Debug|iPhoneSimulator
		{514178A7-7CB9-492F-B008-B905550A71B2}.Debug|iPhoneSimulator.Deploy.0 = Debug|iPhoneSimulator
		{514178A7-7CB9-492F-B008-B905550A71B2}.Debug|x64.ActiveCfg = Debug|iPhone
		{514178A7-7CB9-492F-B008-B905550A71B2}.Debug|x64.Build.0 = Debug|iPhone
		{514178A7-7CB9-492F-B008-B905550A71B2}.Debug|x64.Deploy.0 = Debug|iPhone
		{514178A7-7CB9-492F-B008-B905550A71B2}.Debug|x86.ActiveCfg = Debug|iPhone
		{514178A7-7CB9-492F-B008-B905550A71B2}.Debug|x86.Build.0 = Debug|iPhone
		{514178A7-7CB9-492F-B008-B905550A71B2}.Debug|x86.Deploy.0 = Debug|iPhone
		{514178A7-7CB9-492F-B008-B905550A71B2}.Release|Any CPU.ActiveCfg = Release|iPhone
		{514178A7-7CB9-492F-B008-B905550A71B2}.Release|Any CPU.Build.0 = Release|iPhone
		{514178A7-7CB9-492F-B008-B905550A71B2}.Release|Any CPU.Deploy.0 = Release|iPhone
		{514178A7-7CB9-492F-B008-B905550A71B2}.Release|ARM.ActiveCfg = Release|iPhone
		{514178A7-7CB9-492F-B008-B905550A71B2}.Release|ARM.Build.0 = Release|iPhone
		{514178A7-7CB9-492F-B008-B905550A71B2}.Release|ARM.Deploy.0 = Release|iPhone
		{514178A7-7CB9-492F-B008-B905550A71B2}.Release|iPhone.ActiveCfg = Release|iPhone
		{514178A7-7CB9-492F-B008-B905550A71B2}.Release|iPhone.Build.0 = Release|iPhone
		{514178A7-7CB9-492F-B008-B905550A71B2}.Release|iPhone.Deploy.0 = Release|iPhone
		{514178A7-7CB9-492F-B008-B905550A71B2}.Release|iPhoneSimulator.ActiveCfg = Release|iPhoneSimulator
		{514178A7-7CB9-492F-B008-B905550A71B2}.Release|iPhoneSimulator.Build.0 = Release|iPhoneSimulator
		{514178A7-7CB9-492F-B008-B905550A71B2}.Release|iPhoneSimulator.Deploy.0 = Release|iPhoneSimulator
		{514178A7-7CB9-492F-B008-B905550A71B2}.Release|x64.ActiveCfg = Release|iPhone
		{514178A7-7CB9-492F-B008-B905550A71B2}.Release|x64.Build.0 = Release|iPhone
		{514178A7-7CB9-492F-B008-B905550A71B2}.Release|x64.Deploy.0 = Release|iPhone
		{514178A7-7CB9-492F-B008-B905550A71B2}.Release|x86.ActiveCfg = Release|iPhone
		{514178A7-7CB9-492F-B008-B905550A71B2}.Release|x86.Build.0 = Release|iPhone
		{514178A7-7CB9-492F-B008-B905550A71B2}.Release|x86.Deploy.0 = Release|iPhone
		{B4259A7D-8E3C-4938-8A8D-0E837F2D4D00}.Ad-Hoc|Any CPU.ActiveCfg = Release|x86
		{B4259A7D-8E3C-4938-8A8D-0E837F2D4D00}.Ad-Hoc|Any CPU.Build.0 = Release|x86
		{B4259A7D-8E3C-4938-8A8D-0E837F2D4D00}.Ad-Hoc|Any CPU.Deploy.0 = Release|x86
		{B4259A7D-8E3C-4938-8A8D-0E837F2D4D00}.Ad-Hoc|ARM.ActiveCfg = Release|ARM
		{B4259A7D-8E3C-4938-8A8D-0E837F2D4D00}.Ad-Hoc|ARM.Build.0 = Release|ARM
		{B4259A7D-8E3C-4938-8A8D-0E837F2D4D00}.Ad-Hoc|ARM.Deploy.0 = Release|ARM
		{B4259A7D-8E3C-4938-8A8D-0E837F2D4D00}.Ad-Hoc|iPhone.ActiveCfg = Release|x86
		{B4259A7D-8E3C-4938-8A8D-0E837F2D4D00}.Ad-Hoc|iPhone.Build.0 = Release|x86
		{B4259A7D-8E3C-4938-8A8D-0E837F2D4D00}.Ad-Hoc|iPhone.Deploy.0 = Release|x86
		{B4259A7D-8E3C-4938-8A8D-0E837F2D4D00}.Ad-Hoc|iPhoneSimulator.ActiveCfg = Release|x86
		{B4259A7D-8E3C-4938-8A8D-0E837F2D4D00}.Ad-Hoc|iPhoneSimulator.Build.0 = Release|x86
		{B4259A7D-8E3C-4938-8A8D-0E837F2D4D00}.Ad-Hoc|iPhoneSimulator.Deploy.0 = Release|x86
		{B4259A7D-8E3C-4938-8A8D-0E837F2D4D00}.Ad-Hoc|x64.ActiveCfg = Release|x64
		{B4259A7D-8E3C-4938-8A8D-0E837F2D4D00}.Ad-Hoc|x64.Build.0 = Release|x64
		{B4259A7D-8E3C-4938-8A8D-0E837F2D4D00}.Ad-Hoc|x64.Deploy.0 = Release|x64
		{B4259A7D-8E3C-4938-8A8D-0E837F2D4D00}.Ad-Hoc|x86.ActiveCfg = Release|x86
		{B4259A7D-8E3C-4938-8A8D-0E837F2D4D00}.Ad-Hoc|x86.Build.0 = Release|x86
		{B4259A7D-8E3C-4938-8A8D-0E837F2D4D00}.Ad-Hoc|x86.Deploy.0 = Release|x86
		{B4259A7D-8E3C-4938-8A8D-0E837F2D4D00}.AppStore|Any CPU.ActiveCfg = Release|x86
		{B4259A7D-8E3C-4938-8A8D-0E837F2D4D00}.AppStore|Any CPU.Build.0 = Release|x86
		{B4259A7D-8E3C-4938-8A8D-0E837F2D4D00}.AppStore|Any CPU.Deploy.0 = Release|x86
		{B4259A7D-8E3C-4938-8A8D-0E837F2D4D00}.AppStore|ARM.ActiveCfg = Release|ARM
		{B4259A7D-8E3C-4938-8A8D-0E837F2D4D00}.AppStore|ARM.Build.0 = Release|ARM
		{B4259A7D-8E3C-4938-8A8D-0E837F2D4D00}.AppStore|ARM.Deploy.0 = Release|ARM
		{B4259A7D-8E3C-4938-8A8D-0E837F2D4D00}.AppStore|iPhone.ActiveCfg = Release|x86
		{B4259A7D-8E3C-4938-8A8D-0E837F2D4D00}.AppStore|iPhone.Build.0 = Release|x86
		{B4259A7D-8E3C-4938-8A8D-0E837F2D4D00}.AppStore|iPhone.Deploy.0 = Release|x86
		{B4259A7D-8E3C-4938-8A8D-0E837F2D4D00}.AppStore|iPhoneSimulator.ActiveCfg = Release|x86
		{B4259A7D-8E3C-4938-8A8D-0E837F2D4D00}.AppStore|iPhoneSimulator.Build.0 = Release|x86
		{B4259A7D-8E3C-4938-8A8D-0E837F2D4D00}.AppStore|iPhoneSimulator.Deploy.0 = Release|x86
		{B4259A7D-8E3C-4938-8A8D-0E837F2D4D00}.AppStore|x64.ActiveCfg = Release|x64
		{B4259A7D-8E3C-4938-8A8D-0E837F2D4D00}.AppStore|x64.Build.0 = Release|x64
		{B4259A7D-8E3C-4938-8A8D-0E837F2D4D00}.AppStore|x64.Deploy.0 = Release|x64
		{B4259A7D-8E3C-4938-8A8D-0E837F2D4D00}.AppStore|x86.ActiveCfg = Release|x86
		{B4259A7D-8E3C-4938-8A8D-0E837F2D4D00}.AppStore|x86.Build.0 = Release|x86
		{B4259A7D-8E3C-4938-8A8D-0E837F2D4D00}.AppStore|x86.Deploy.0 = Release|x86
		{B4259A7D-8E3C-4938-8A8D-0E837F2D4D00}.Debug|Any CPU.ActiveCfg = Debug|x86
		{B4259A7D-8E3C-4938-8A8D-0E837F2D4D00}.Debug|Any CPU.Build.0 = Debug|x86
		{B4259A7D-8E3C-4938-8A8D-0E837F2D4D00}.Debug|Any CPU.Deploy.0 = Debug|x86
		{B4259A7D-8E3C-4938-8A8D-0E837F2D4D00}.Debug|ARM.ActiveCfg = Debug|ARM
		{B4259A7D-8E3C-4938-8A8D-0E837F2D4D00}.Debug|ARM.Build.0 = Debug|ARM
		{B4259A7D-8E3C-4938-8A8D-0E837F2D4D00}.Debug|ARM.Deploy.0 = Debug|ARM
		{B4259A7D-8E3C-4938-8A8D-0E837F2D4D00}.Debug|iPhone.ActiveCfg = Debug|x86
		{B4259A7D-8E3C-4938-8A8D-0E837F2D4D00}.Debug|iPhone.Build.0 = Debug|x86
		{B4259A7D-8E3C-4938-8A8D-0E837F2D4D00}.Debug|iPhone.Deploy.0 = Debug|x86
		{B4259A7D-8E3C-4938-8A8D-0E837F2D4D00}.Debug|iPhoneSimulator.ActiveCfg = Debug|x86
		{B4259A7D-8E3C-4938-8A8D-0E837F2D4D00}.Debug|iPhoneSimulator.Build.0 = Debug|x86
		{B4259A7D-8E3C-4938-8A8D-0E837F2D4D00}.Debug|iPhoneSimulator.Deploy.0 = Debug|x86
		{B4259A7D-8E3C-4938-8A8D-0E837F2D4D00}.Debug|x64.ActiveCfg = Debug|x64
		{B4259A7D-8E3C-4938-8A8D-0E837F2D4D00}.Debug|x64.Build.0 = Debug|x64
		{B4259A7D-8E3C-4938-8A8D-0E837F2D4D00}.Debug|x64.Deploy.0 = Debug|x64
		{B4259A7D-8E3C-4938-8A8D-0E837F2D4D00}.Debug|x86.ActiveCfg = Debug|x86
		{B4259A7D-8E3C-4938-8A8D-0E837F2D4D00}.Debug|x86.Build.0 = Debug|x86
		{B4259A7D-8E3C-4938-8A8D-0E837F2D4D00}.Debug|x86.Deploy.0 = Debug|x86
		{B4259A7D-8E3C-4938-8A8D-0E837F2D4D00}.Release|Any CPU.ActiveCfg = Release|x86
		{B4259A7D-8E3C-4938-8A8D-0E837F2D4D00}.Release|Any CPU.Build.0 = Release|x86
		{B4259A7D-8E3C-4938-8A8D-0E837F2D4D00}.Release|Any CPU.Deploy.0 = Release|x86
		{B4259A7D-8E3C-4938-8A8D-0E837F2D4D00}.Release|ARM.ActiveCfg = Release|ARM
		{B4259A7D-8E3C-4938-8A8D-0E837F2D4D00}.Release|ARM.Build.0 = Release|ARM
		{B4259A7D-8E3C-4938-8A8D-0E837F2D4D00}.Release|ARM.Deploy.0 = Release|ARM
		{B4259A7D-8E3C-4938-8A8D-0E837F2D4D00}.Release|iPhone.ActiveCfg = Release|x86
		{B4259A7D-8E3C-4938-8A8D-0E837F2D4D00}.Release|iPhone.Build.0 = Release|x86
		{B4259A7D-8E3C-4938-8A8D-0E837F2D4D00}.Release|iPhone.Deploy.0 = Release|x86
		{B4259A7D-8E3C-4938-8A8D-0E837F2D4D00}.Release|iPhoneSimulator.ActiveCfg = Release|x86
		{B4259A7D-8E3C-4938-8A8D-0E837F2D4D00}.Release|iPhoneSimulator.Build.0 = Release|x86
		{B4259A7D-8E3C-4938-8A8D-0E837F2D4D00}.Release|iPhoneSimulator.Deploy.0 = Release|x86
		{B4259A7D-8E3C-4938-8A8D-0E837F2D4D00}.Release|x64.ActiveCfg = Release|x64
		{B4259A7D-8E3C-4938-8A8D-0E837F2D4D00}.Release|x64.Build.0 = Release|x64
		{B4259A7D-8E3C-4938-8A8D-0E837F2D4D00}.Release|x64.Deploy.0 = Release|x64
		{B4259A7D-8E3C-4938-8A8D-0E837F2D4D00}.Release|x86.ActiveCfg = Release|x86
		{B4259A7D-8E3C-4938-8A8D-0E837F2D4D00}.Release|x86.Build.0 = Release|x86
		{B4259A7D-8E3C-4938-8A8D-0E837F2D4D00}.Release|x86.Deploy.0 = Release|x86
		{A87BA4BC-EE62-44FB-9FE6-0DFC5A24E29E}.Ad-Hoc|Any CPU.ActiveCfg = Debug|Any CPU
		{A87BA4BC-EE62-44FB-9FE6-0DFC5A24E29E}.Ad-Hoc|Any CPU.Build.0 = Debug|Any CPU
		{A87BA4BC-EE62-44FB-9FE6-0DFC5A24E29E}.Ad-Hoc|ARM.ActiveCfg = Debug|Any CPU
		{A87BA4BC-EE62-44FB-9FE6-0DFC5A24E29E}.Ad-Hoc|ARM.Build.0 = Debug|Any CPU
		{A87BA4BC-EE62-44FB-9FE6-0DFC5A24E29E}.Ad-Hoc|iPhone.ActiveCfg = Debug|Any CPU
		{A87BA4BC-EE62-44FB-9FE6-0DFC5A24E29E}.Ad-Hoc|iPhone.Build.0 = Debug|Any CPU
		{A87BA4BC-EE62-44FB-9FE6-0DFC5A24E29E}.Ad-Hoc|iPhoneSimulator.ActiveCfg = Debug|Any CPU
		{A87BA4BC-EE62-44FB-9FE6-0DFC5A24E29E}.Ad-Hoc|iPhoneSimulator.Build.0 = Debug|Any CPU
		{A87BA4BC-EE62-44FB-9FE6-0DFC5A24E29E}.Ad-Hoc|x64.ActiveCfg = Debug|Any CPU
		{A87BA4BC-EE62-44FB-9FE6-0DFC5A24E29E}.Ad-Hoc|x64.Build.0 = Debug|Any CPU
		{A87BA4BC-EE62-44FB-9FE6-0DFC5A24E29E}.Ad-Hoc|x86.ActiveCfg = Debug|Any CPU
		{A87BA4BC-EE62-44FB-9FE6-0DFC5A24E29E}.Ad-Hoc|x86.Build.0 = Debug|Any CPU
		{A87BA4BC-EE62-44FB-9FE6-0DFC5A24E29E}.AppStore|Any CPU.ActiveCfg = Debug|Any CPU
		{A87BA4BC-EE62-44FB-9FE6-0DFC5A24E29E}.AppStore|Any CPU.Build.0 = Debug|Any CPU
		{A87BA4BC-EE62-44FB-9FE6-0DFC5A24E29E}.AppStore|ARM.ActiveCfg = Debug|Any CPU
		{A87BA4BC-EE62-44FB-9FE6-0DFC5A24E29E}.AppStore|ARM.Build.0 = Debug|Any CPU
		{A87BA4BC-EE62-44FB-9FE6-0DFC5A24E29E}.AppStore|iPhone.ActiveCfg = Debug|Any CPU
		{A87BA4BC-EE62-44FB-9FE6-0DFC5A24E29E}.AppStore|iPhone.Build.0 = Debug|Any CPU
		{A87BA4BC-EE62-44FB-9FE6-0DFC5A24E29E}.AppStore|iPhoneSimulator.ActiveCfg = Debug|Any CPU
		{A87BA4BC-EE62-44FB-9FE6-0DFC5A24E29E}.AppStore|iPhoneSimulator.Build.0 = Debug|Any CPU
		{A87BA4BC-EE62-44FB-9FE6-0DFC5A24E29E}.AppStore|x64.ActiveCfg = Debug|Any CPU
		{A87BA4BC-EE62-44FB-9FE6-0DFC5A24E29E}.AppStore|x64.Build.0 = Debug|Any CPU
		{A87BA4BC-EE62-44FB-9FE6-0DFC5A24E29E}.AppStore|x86.ActiveCfg = Debug|Any CPU
		{A87BA4BC-EE62-44FB-9FE6-0DFC5A24E29E}.AppStore|x86.Build.0 = Debug|Any CPU
		{A87BA4BC-EE62-44FB-9FE6-0DFC5A24E29E}.Debug|Any CPU.ActiveCfg = Debug|Any CPU
		{A87BA4BC-EE62-44FB-9FE6-0DFC5A24E29E}.Debug|Any CPU.Build.0 = Debug|Any CPU
		{A87BA4BC-EE62-44FB-9FE6-0DFC5A24E29E}.Debug|ARM.ActiveCfg = Debug|Any CPU
		{A87BA4BC-EE62-44FB-9FE6-0DFC5A24E29E}.Debug|ARM.Build.0 = Debug|Any CPU
		{A87BA4BC-EE62-44FB-9FE6-0DFC5A24E29E}.Debug|iPhone.ActiveCfg = Debug|Any CPU
		{A87BA4BC-EE62-44FB-9FE6-0DFC5A24E29E}.Debug|iPhone.Build.0 = Debug|Any CPU
		{A87BA4BC-EE62-44FB-9FE6-0DFC5A24E29E}.Debug|iPhoneSimulator.ActiveCfg = Debug|Any CPU
		{A87BA4BC-EE62-44FB-9FE6-0DFC5A24E29E}.Debug|iPhoneSimulator.Build.0 = Debug|Any CPU
		{A87BA4BC-EE62-44FB-9FE6-0DFC5A24E29E}.Debug|x64.ActiveCfg = Debug|Any CPU
		{A87BA4BC-EE62-44FB-9FE6-0DFC5A24E29E}.Debug|x64.Build.0 = Debug|Any CPU
		{A87BA4BC-EE62-44FB-9FE6-0DFC5A24E29E}.Debug|x86.ActiveCfg = Debug|Any CPU
		{A87BA4BC-EE62-44FB-9FE6-0DFC5A24E29E}.Debug|x86.Build.0 = Debug|Any CPU
		{A87BA4BC-EE62-44FB-9FE6-0DFC5A24E29E}.Release|Any CPU.ActiveCfg = Release|Any CPU
		{A87BA4BC-EE62-44FB-9FE6-0DFC5A24E29E}.Release|Any CPU.Build.0 = Release|Any CPU
		{A87BA4BC-EE62-44FB-9FE6-0DFC5A24E29E}.Release|ARM.ActiveCfg = Release|Any CPU
		{A87BA4BC-EE62-44FB-9FE6-0DFC5A24E29E}.Release|ARM.Build.0 = Release|Any CPU
		{A87BA4BC-EE62-44FB-9FE6-0DFC5A24E29E}.Release|iPhone.ActiveCfg = Release|Any CPU
		{A87BA4BC-EE62-44FB-9FE6-0DFC5A24E29E}.Release|iPhone.Build.0 = Release|Any CPU
		{A87BA4BC-EE62-44FB-9FE6-0DFC5A24E29E}.Release|iPhoneSimulator.ActiveCfg = Release|Any CPU
		{A87BA4BC-EE62-44FB-9FE6-0DFC5A24E29E}.Release|iPhoneSimulator.Build.0 = Release|Any CPU
		{A87BA4BC-EE62-44FB-9FE6-0DFC5A24E29E}.Release|x64.ActiveCfg = Release|Any CPU
		{A87BA4BC-EE62-44FB-9FE6-0DFC5A24E29E}.Release|x64.Build.0 = Release|Any CPU
		{A87BA4BC-EE62-44FB-9FE6-0DFC5A24E29E}.Release|x86.ActiveCfg = Release|Any CPU
		{A87BA4BC-EE62-44FB-9FE6-0DFC5A24E29E}.Release|x86.Build.0 = Release|Any CPU
	EndGlobalSection
	GlobalSection(SolutionProperties) = preSolution
		HideSolutionNode = FALSE
	EndGlobalSection
	GlobalSection(ExtensibilityGlobals) = postSolution
		SolutionGuid = {1ECD7726-4C1A-451E-AD8F-EA06CD179851}
	EndGlobalSection
EndGlobal
